
Microsoft Visual Studio Solution File, Format Version 12.00
# Visual Studio Version 17
VisualStudioVersion = 17.14.36603.0
MinimumVisualStudioVersion = 10.0.40219.1
Project("{FAE04EC0-301F-11D3-BF4B-00C04F79EFBC}") = "FYP3", "FYP3\FYP3.csproj", "{196BAA41-7705-49E0-A4BD-28099B6B4EE2}"
EndProject
Global
	GlobalSection(SolutionConfigurationPlatforms) = preSolution
		Debug|Any CPU = Debug|Any CPU
		Release|Any CPU = Release|Any CPU
	EndGlobalSection
	GlobalSection(ProjectConfigurationPlatforms) = postSolution
		{196BAA41-7705-49E0-A4BD-28099B6B4EE2}.Debug|Any CPU.ActiveCfg = Debug|Any CPU
		{196BAA41-7705-49E0-A4BD-28099B6B4EE2}.Debug|Any CPU.Build.0 = Debug|Any CPU
		{196BAA41-7705-49E0-A4BD-28099B6B4EE2}.Release|Any CPU.ActiveCfg = Release|Any CPU
		{196BAA41-7705-49E0-A4BD-28099B6B4EE2}.Release|Any CPU.Build.0 = Release|Any CPU
	EndGlobalSection
	GlobalSection(SolutionProperties) = preSolution
		HideSolutionNode = FALSE
	EndGlobalSection
	GlobalSection(ExtensibilityGlobals) = postSolution
		SolutionGuid = {890B44D2-BC70-4BFB-A023-A20CDADF7E69}
	EndGlobalSection
EndGlobal
